
Microsoft Visual Studio Solution File, Format Version 12.00
# Visual Studio Version 16
VisualStudioVersion = 16.0.29209.62
MinimumVisualStudioVersion = 10.0.40219.1
Project("{FAE04EC0-301F-11D3-BF4B-00C04F79EFBC}") = "restaurant", "restaurant.csproj", "{1D137795-894F-466E-9494-8FF0A26B4646}"
EndProject
Global
	GlobalSection(SolutionConfigurationPlatforms) = preSolution
		Debug|Any CPU = Debug|Any CPU
		Release|Any CPU = Release|Any CPU
	EndGlobalSection
	GlobalSection(ProjectConfigurationPlatforms) = postSolution
		{1D137795-894F-466E-9494-8FF0A26B4646}.Debug|Any CPU.ActiveCfg = Debug|Any CPU
		{1D137795-894F-466E-9494-8FF0A26B4646}.Debug|Any CPU.Build.0 = Debug|Any CPU
		{1D137795-894F-466E-9494-8FF0A26B4646}.Release|Any CPU.ActiveCfg = Release|Any CPU
		{1D137795-894F-466E-9494-8FF0A26B4646}.Release|Any CPU.Build.0 = Release|Any CPU
	EndGlobalSection
	GlobalSection(SolutionProperties) = preSolution
		HideSolutionNode = FALSE
	EndGlobalSection
	GlobalSection(ExtensibilityGlobals) = postSolution
		SolutionGuid = {A2B5558C-2253-498A-81DD-114F91FCBFA7}
	EndGlobalSection
EndGlobal
